
Microsoft Visual Studio Solution File, Format Version 12.00
# Visual Studio Version 17
VisualStudioVersion = 17.9.34728.123
MinimumVisualStudioVersion = 10.0.40219.1
Project("{9A19103F-16F7-4668-BE54-9A1E7A4F7556}") = "MTKDotNetCore.ConsoleApp", "MTKDotNetCore.ConsoleApp\MTKDotNetCore.ConsoleApp.csproj", "{56FD9D93-C620-4A9E-8600-1DAAC289C812}"
EndProject
Project("{2150E333-8FDC-42A3-9474-1A3956D46DE8}") = "Documents", "Documents", "{DFD1FAAF-BBEB-486B-AB76-B9CBF1103225}"
	ProjectSection(SolutionItems) = preProject
		README.md = README.md
	EndProjectSection
EndProject
Project("{9A19103F-16F7-4668-BE54-9A1E7A4F7556}") = "MTKDotNetCore.Database", "MTKDotNetCore.Database\MTKDotNetCore.Database.csproj", "{7063FBC7-C8B4-4E33-A40A-A5EFE523646A}"
EndProject
Project("{9A19103F-16F7-4668-BE54-9A1E7A4F7556}") = "MTKDotNetCore.ConsoleApp2", "MTKDotNetCore.ConsoleApp2\MTKDotNetCore.ConsoleApp2.csproj", "{D474B475-B6C6-41CE-93EE-66B79E255D93}"
EndProject
Project("{9A19103F-16F7-4668-BE54-9A1E7A4F7556}") = "MTKDotNetCore.RestApi", "MTKDotNetCore.RestApi\MTKDotNetCore.RestApi.csproj", "{6A157A8B-0614-4DCA-8EAD-298DFB233036}"
EndProject
Project("{9A19103F-16F7-4668-BE54-9A1E7A4F7556}") = "MTKDotNetCore.ToDoListRestApi", "MTKDotNetCore.ToDoListRestApi\MTKDotNetCore.ToDoListRestApi.csproj", "{0365B58C-DC96-46C6-B6E3-1319A4D8A9DC}"
EndProject
Project("{9A19103F-16F7-4668-BE54-9A1E7A4F7556}") = "MTKDotNetCore.Shared", "MTKDotNetCore.Shared\MTKDotNetCore.Shared.csproj", "{E440E00A-004B-4938-8283-94C2C4EB107E}"
EndProject
Project("{9A19103F-16F7-4668-BE54-9A1E7A4F7556}") = "MTKDotNetCore.MinimalApi", "MTKDotNetCore.MinimalApi\MTKDotNetCore.MinimalApi.csproj", "{E8CD635F-A04D-4F25-BC98-5848F447CBA3}"
EndProject
Project("{9A19103F-16F7-4668-BE54-9A1E7A4F7556}") = "MTKDotNetCore.BirdMiniApi", "MTKDotNetCore.BirdMiniApi\MTKDotNetCore.BirdMiniApi.csproj", "{FBE5CA3D-ABC5-435F-A350-CF0F494EF46C}"
EndProject
Project("{9A19103F-16F7-4668-BE54-9A1E7A4F7556}") = "MTKDotNetCore.DreamDictionaryMinimalApi", "MTKDotNetCore.DreamDictionaryMinimalApi\MTKDotNetCore.DreamDictionaryMinimalApi.csproj", "{5B816868-BD89-4007-8252-A2D5BFAA8152}"
EndProject
Project("{9A19103F-16F7-4668-BE54-9A1E7A4F7556}") = "MTKDotNetCore.Domain", "MTKDotNetCore.Domain\MTKDotNetCore.Domain.csproj", "{48477208-8700-416B-BAE2-3E345CD26CDD}"
EndProject
Project("{9A19103F-16F7-4668-BE54-9A1E7A4F7556}") = "MTKDotNetCore.MiniKpayDapperApi", "MTKDotNetCore.MiniKpayDapperApi\MTKDotNetCore.MiniKpayDapperApi.csproj", "{ACEDFF9D-4F42-4891-A512-D7B0D0DE17D4}"
EndProject
Project("{9A19103F-16F7-4668-BE54-9A1E7A4F7556}") = "MTKDotNetCore.MiniKpay.Api", "MTKDotNetCore.MiniKpay.Api\MTKDotNetCore.MiniKpay.Api.csproj", "{8B9BE463-C668-42C3-BF4C-43142574D8FA}"
EndProject
Project("{9A19103F-16F7-4668-BE54-9A1E7A4F7556}") = "MTKDotNetCore.MiniKpay.Domain", "MTKDotNetCore.MiniKpay.Domain\MTKDotNetCore.MiniKpay.Domain.csproj", "{1A945FAD-D0A8-4D97-85F9-61BCD7736D8A}"
EndProject
Project("{9A19103F-16F7-4668-BE54-9A1E7A4F7556}") = "MTKDotNetCore.MiniKpay.Database", "MTKDotNetCore.MiniKpay.Database\MTKDotNetCore.MiniKpay.Database.csproj", "{5F1C771D-C23F-403C-B27E-6A0501DD1D60}"
EndProject
Project("{9A19103F-16F7-4668-BE54-9A1E7A4F7556}") = "MTKDotNetCore.ConsoleApp3", "MTKDotNetCore.ConsoleApp3\MTKDotNetCore.ConsoleApp3.csproj", "{7F5114E1-5B6E-454A-AF8F-8C72F484504F}"
EndProject
Project("{FAE04EC0-301F-11D3-BF4B-00C04F79EFBC}") = "MTKDotNetCore.RestApi2", "MTKDotNetCore.RestApi2\MTKDotNetCore.RestApi2.csproj", "{2DF3EB20-390A-4459-A01E-6678344BD11A}"
EndProject
Project("{FAE04EC0-301F-11D3-BF4B-00C04F79EFBC}") = "MTKDotNetCore.RestApi3", "MTKDotNetCore.RestApi3\MTKDotNetCore.RestApi3.csproj", "{654B4EF1-93C8-43FA-8DC2-B0AFA59F8CCA}"
EndProject
Project("{FAE04EC0-301F-11D3-BF4B-00C04F79EFBC}") = "MTKDotNetCore.ConsoleApp4", "MTKDotNetCore.ConsoleApp4\MTKDotNetCore.ConsoleApp4.csproj", "{0E593694-FC1A-4649-A9B6-8080D19454C4}"
EndProject
Global
	GlobalSection(SolutionConfigurationPlatforms) = preSolution
		Debug|Any CPU = Debug|Any CPU
		Release|Any CPU = Release|Any CPU
	EndGlobalSection
	GlobalSection(ProjectConfigurationPlatforms) = postSolution
		{56FD9D93-C620-4A9E-8600-1DAAC289C812}.Debug|Any CPU.ActiveCfg = Debug|Any CPU
		{56FD9D93-C620-4A9E-8600-1DAAC289C812}.Debug|Any CPU.Build.0 = Debug|Any CPU
		{56FD9D93-C620-4A9E-8600-1DAAC289C812}.Release|Any CPU.ActiveCfg = Release|Any CPU
		{56FD9D93-C620-4A9E-8600-1DAAC289C812}.Release|Any CPU.Build.0 = Release|Any CPU
		{7063FBC7-C8B4-4E33-A40A-A5EFE523646A}.Debug|Any CPU.ActiveCfg = Debug|Any CPU
		{7063FBC7-C8B4-4E33-A40A-A5EFE523646A}.Debug|Any CPU.Build.0 = Debug|Any CPU
		{7063FBC7-C8B4-4E33-A40A-A5EFE523646A}.Release|Any CPU.ActiveCfg = Release|Any CPU
		{7063FBC7-C8B4-4E33-A40A-A5EFE523646A}.Release|Any CPU.Build.0 = Release|Any CPU
		{D474B475-B6C6-41CE-93EE-66B79E255D93}.Debug|Any CPU.ActiveCfg = Debug|Any CPU
		{D474B475-B6C6-41CE-93EE-66B79E255D93}.Debug|Any CPU.Build.0 = Debug|Any CPU
		{D474B475-B6C6-41CE-93EE-66B79E255D93}.Release|Any CPU.ActiveCfg = Release|Any CPU
		{D474B475-B6C6-41CE-93EE-66B79E255D93}.Release|Any CPU.Build.0 = Release|Any CPU
		{6A157A8B-0614-4DCA-8EAD-298DFB233036}.Debug|Any CPU.ActiveCfg = Debug|Any CPU
		{6A157A8B-0614-4DCA-8EAD-298DFB233036}.Debug|Any CPU.Build.0 = Debug|Any CPU
		{6A157A8B-0614-4DCA-8EAD-298DFB233036}.Release|Any CPU.ActiveCfg = Release|Any CPU
		{6A157A8B-0614-4DCA-8EAD-298DFB233036}.Release|Any CPU.Build.0 = Release|Any CPU
		{0365B58C-DC96-46C6-B6E3-1319A4D8A9DC}.Debug|Any CPU.ActiveCfg = Debug|Any CPU
		{0365B58C-DC96-46C6-B6E3-1319A4D8A9DC}.Debug|Any CPU.Build.0 = Debug|Any CPU
		{0365B58C-DC96-46C6-B6E3-1319A4D8A9DC}.Release|Any CPU.ActiveCfg = Release|Any CPU
		{0365B58C-DC96-46C6-B6E3-1319A4D8A9DC}.Release|Any CPU.Build.0 = Release|Any CPU
		{E440E00A-004B-4938-8283-94C2C4EB107E}.Debug|Any CPU.ActiveCfg = Debug|Any CPU
		{E440E00A-004B-4938-8283-94C2C4EB107E}.Debug|Any CPU.Build.0 = Debug|Any CPU
		{E440E00A-004B-4938-8283-94C2C4EB107E}.Release|Any CPU.ActiveCfg = Release|Any CPU
		{E440E00A-004B-4938-8283-94C2C4EB107E}.Release|Any CPU.Build.0 = Release|Any CPU
		{E8CD635F-A04D-4F25-BC98-5848F447CBA3}.Debug|Any CPU.ActiveCfg = Debug|Any CPU
		{E8CD635F-A04D-4F25-BC98-5848F447CBA3}.Debug|Any CPU.Build.0 = Debug|Any CPU
		{E8CD635F-A04D-4F25-BC98-5848F447CBA3}.Release|Any CPU.ActiveCfg = Release|Any CPU
		{E8CD635F-A04D-4F25-BC98-5848F447CBA3}.Release|Any CPU.Build.0 = Release|Any CPU
		{FBE5CA3D-ABC5-435F-A350-CF0F494EF46C}.Debug|Any CPU.ActiveCfg = Debug|Any CPU
		{FBE5CA3D-ABC5-435F-A350-CF0F494EF46C}.Debug|Any CPU.Build.0 = Debug|Any CPU
		{FBE5CA3D-ABC5-435F-A350-CF0F494EF46C}.Release|Any CPU.ActiveCfg = Release|Any CPU
		{FBE5CA3D-ABC5-435F-A350-CF0F494EF46C}.Release|Any CPU.Build.0 = Release|Any CPU
		{5B816868-BD89-4007-8252-A2D5BFAA8152}.Debug|Any CPU.ActiveCfg = Debug|Any CPU
		{5B816868-BD89-4007-8252-A2D5BFAA8152}.Debug|Any CPU.Build.0 = Debug|Any CPU
		{5B816868-BD89-4007-8252-A2D5BFAA8152}.Release|Any CPU.ActiveCfg = Release|Any CPU
		{5B816868-BD89-4007-8252-A2D5BFAA8152}.Release|Any CPU.Build.0 = Release|Any CPU
		{48477208-8700-416B-BAE2-3E345CD26CDD}.Debug|Any CPU.ActiveCfg = Debug|Any CPU
		{48477208-8700-416B-BAE2-3E345CD26CDD}.Debug|Any CPU.Build.0 = Debug|Any CPU
		{48477208-8700-416B-BAE2-3E345CD26CDD}.Release|Any CPU.ActiveCfg = Release|Any CPU
		{48477208-8700-416B-BAE2-3E345CD26CDD}.Release|Any CPU.Build.0 = Release|Any CPU
		{ACEDFF9D-4F42-4891-A512-D7B0D0DE17D4}.Debug|Any CPU.ActiveCfg = Debug|Any CPU
		{ACEDFF9D-4F42-4891-A512-D7B0D0DE17D4}.Debug|Any CPU.Build.0 = Debug|Any CPU
		{ACEDFF9D-4F42-4891-A512-D7B0D0DE17D4}.Release|Any CPU.ActiveCfg = Release|Any CPU
		{ACEDFF9D-4F42-4891-A512-D7B0D0DE17D4}.Release|Any CPU.Build.0 = Release|Any CPU
		{8B9BE463-C668-42C3-BF4C-43142574D8FA}.Debug|Any CPU.ActiveCfg = Debug|Any CPU
		{8B9BE463-C668-42C3-BF4C-43142574D8FA}.Debug|Any CPU.Build.0 = Debug|Any CPU
		{8B9BE463-C668-42C3-BF4C-43142574D8FA}.Release|Any CPU.ActiveCfg = Release|Any CPU
		{8B9BE463-C668-42C3-BF4C-43142574D8FA}.Release|Any CPU.Build.0 = Release|Any CPU
		{1A945FAD-D0A8-4D97-85F9-61BCD7736D8A}.Debug|Any CPU.ActiveCfg = Debug|Any CPU
		{1A945FAD-D0A8-4D97-85F9-61BCD7736D8A}.Debug|Any CPU.Build.0 = Debug|Any CPU
		{1A945FAD-D0A8-4D97-85F9-61BCD7736D8A}.Release|Any CPU.ActiveCfg = Release|Any CPU
		{1A945FAD-D0A8-4D97-85F9-61BCD7736D8A}.Release|Any CPU.Build.0 = Release|Any CPU
		{5F1C771D-C23F-403C-B27E-6A0501DD1D60}.Debug|Any CPU.ActiveCfg = Debug|Any CPU
		{5F1C771D-C23F-403C-B27E-6A0501DD1D60}.Debug|Any CPU.Build.0 = Debug|Any CPU
		{5F1C771D-C23F-403C-B27E-6A0501DD1D60}.Release|Any CPU.ActiveCfg = Release|Any CPU
		{5F1C771D-C23F-403C-B27E-6A0501DD1D60}.Release|Any CPU.Build.0 = Release|Any CPU
		{7F5114E1-5B6E-454A-AF8F-8C72F484504F}.Debug|Any CPU.ActiveCfg = Debug|Any CPU
		{7F5114E1-5B6E-454A-AF8F-8C72F484504F}.Debug|Any CPU.Build.0 = Debug|Any CPU
		{7F5114E1-5B6E-454A-AF8F-8C72F484504F}.Release|Any CPU.ActiveCfg = Release|Any CPU
		{7F5114E1-5B6E-454A-AF8F-8C72F484504F}.Release|Any CPU.Build.0 = Release|Any CPU
		{2DF3EB20-390A-4459-A01E-6678344BD11A}.Debug|Any CPU.ActiveCfg = Debug|Any CPU
		{2DF3EB20-390A-4459-A01E-6678344BD11A}.Debug|Any CPU.Build.0 = Debug|Any CPU
		{2DF3EB20-390A-4459-A01E-6678344BD11A}.Release|Any CPU.ActiveCfg = Release|Any CPU
		{2DF3EB20-390A-4459-A01E-6678344BD11A}.Release|Any CPU.Build.0 = Release|Any CPU
		{654B4EF1-93C8-43FA-8DC2-B0AFA59F8CCA}.Debug|Any CPU.ActiveCfg = Debug|Any CPU
		{654B4EF1-93C8-43FA-8DC2-B0AFA59F8CCA}.Debug|Any CPU.Build.0 = Debug|Any CPU
		{654B4EF1-93C8-43FA-8DC2-B0AFA59F8CCA}.Release|Any CPU.ActiveCfg = Release|Any CPU
		{654B4EF1-93C8-43FA-8DC2-B0AFA59F8CCA}.Release|Any CPU.Build.0 = Release|Any CPU
		{0E593694-FC1A-4649-A9B6-8080D19454C4}.Debug|Any CPU.ActiveCfg = Debug|Any CPU
		{0E593694-FC1A-4649-A9B6-8080D19454C4}.Debug|Any CPU.Build.0 = Debug|Any CPU
		{0E593694-FC1A-4649-A9B6-8080D19454C4}.Release|Any CPU.ActiveCfg = Release|Any CPU
		{0E593694-FC1A-4649-A9B6-8080D19454C4}.Release|Any CPU.Build.0 = Release|Any CPU
	EndGlobalSection
	GlobalSection(SolutionProperties) = preSolution
		HideSolutionNode = FALSE
	EndGlobalSection
	GlobalSection(ExtensibilityGlobals) = postSolution
		SolutionGuid = {7A941E03-C83D-4494-8D9B-B70E0B9C3A99}
	EndGlobalSection
EndGlobal
