
Microsoft Visual Studio Solution File, Format Version 12.00
# Visual Studio Version 17
VisualStudioVersion = 17.9.34728.123
MinimumVisualStudioVersion = 10.0.40219.1
Project("{9A19103F-16F7-4668-BE54-9A1E7A4F7556}") = "MTKDotNetCore.ConsoleApp", "MTKDotNetCore.ConsoleApp\MTKDotNetCore.ConsoleApp.csproj", "{56FD9D93-C620-4A9E-8600-1DAAC289C812}"
EndProject
Project("{2150E333-8FDC-42A3-9474-1A3956D46DE8}") = "Documents", "Documents", "{DFD1FAAF-BBEB-486B-AB76-B9CBF1103225}"
	ProjectSection(SolutionItems) = preProject
		README.md = README.md
	EndProjectSection
EndProject
Project("{9A19103F-16F7-4668-BE54-9A1E7A4F7556}") = "MTKDotNetCore.Database", "MTKDotNetCore.Database\MTKDotNetCore.Database.csproj", "{7063FBC7-C8B4-4E33-A40A-A5EFE523646A}"
EndProject
Project("{9A19103F-16F7-4668-BE54-9A1E7A4F7556}") = "MTKDotNetCore.ConsoleApp2", "MTKDotNetCore.ConsoleApp2\MTKDotNetCore.ConsoleApp2.csproj", "{D474B475-B6C6-41CE-93EE-66B79E255D93}"
EndProject
Project("{9A19103F-16F7-4668-BE54-9A1E7A4F7556}") = "MTKDotNetCore.RestApi", "MTKDotNetCore.RestApi\MTKDotNetCore.RestApi.csproj", "{6A157A8B-0614-4DCA-8EAD-298DFB233036}"
EndProject
Project("{FAE04EC0-301F-11D3-BF4B-00C04F79EFBC}") = "MTKDotNetCore.ToDoListRestApi", "MTKDotNetCore.ToDoListRestApi\MTKDotNetCore.ToDoListRestApi.csproj", "{0365B58C-DC96-46C6-B6E3-1319A4D8A9DC}"
EndProject
Global
	GlobalSection(SolutionConfigurationPlatforms) = preSolution
		Debug|Any CPU = Debug|Any CPU
		Release|Any CPU = Release|Any CPU
	EndGlobalSection
	GlobalSection(ProjectConfigurationPlatforms) = postSolution
		{56FD9D93-C620-4A9E-8600-1DAAC289C812}.Debug|Any CPU.ActiveCfg = Debug|Any CPU
		{56FD9D93-C620-4A9E-8600-1DAAC289C812}.Debug|Any CPU.Build.0 = Debug|Any CPU
		{56FD9D93-C620-4A9E-8600-1DAAC289C812}.Release|Any CPU.ActiveCfg = Release|Any CPU
		{56FD9D93-C620-4A9E-8600-1DAAC289C812}.Release|Any CPU.Build.0 = Release|Any CPU
		{7063FBC7-C8B4-4E33-A40A-A5EFE523646A}.Debug|Any CPU.ActiveCfg = Debug|Any CPU
		{7063FBC7-C8B4-4E33-A40A-A5EFE523646A}.Debug|Any CPU.Build.0 = Debug|Any CPU
		{7063FBC7-C8B4-4E33-A40A-A5EFE523646A}.Release|Any CPU.ActiveCfg = Release|Any CPU
		{7063FBC7-C8B4-4E33-A40A-A5EFE523646A}.Release|Any CPU.Build.0 = Release|Any CPU
		{D474B475-B6C6-41CE-93EE-66B79E255D93}.Debug|Any CPU.ActiveCfg = Debug|Any CPU
		{D474B475-B6C6-41CE-93EE-66B79E255D93}.Debug|Any CPU.Build.0 = Debug|Any CPU
		{D474B475-B6C6-41CE-93EE-66B79E255D93}.Release|Any CPU.ActiveCfg = Release|Any CPU
		{D474B475-B6C6-41CE-93EE-66B79E255D93}.Release|Any CPU.Build.0 = Release|Any CPU
		{6A157A8B-0614-4DCA-8EAD-298DFB233036}.Debug|Any CPU.ActiveCfg = Debug|Any CPU
		{6A157A8B-0614-4DCA-8EAD-298DFB233036}.Debug|Any CPU.Build.0 = Debug|Any CPU
		{6A157A8B-0614-4DCA-8EAD-298DFB233036}.Release|Any CPU.ActiveCfg = Release|Any CPU
		{6A157A8B-0614-4DCA-8EAD-298DFB233036}.Release|Any CPU.Build.0 = Release|Any CPU
		{0365B58C-DC96-46C6-B6E3-1319A4D8A9DC}.Debug|Any CPU.ActiveCfg = Debug|Any CPU
		{0365B58C-DC96-46C6-B6E3-1319A4D8A9DC}.Debug|Any CPU.Build.0 = Debug|Any CPU
		{0365B58C-DC96-46C6-B6E3-1319A4D8A9DC}.Release|Any CPU.ActiveCfg = Release|Any CPU
		{0365B58C-DC96-46C6-B6E3-1319A4D8A9DC}.Release|Any CPU.Build.0 = Release|Any CPU
	EndGlobalSection
	GlobalSection(SolutionProperties) = preSolution
		HideSolutionNode = FALSE
	EndGlobalSection
	GlobalSection(ExtensibilityGlobals) = postSolution
		SolutionGuid = {7A941E03-C83D-4494-8D9B-B70E0B9C3A99}
	EndGlobalSection
EndGlobal
